
Microsoft Visual Studio Solution File, Format Version 12.00
# Visual Studio Version 16
VisualStudioVersion = 16.0.32002.261
MinimumVisualStudioVersion = 10.0.40219.1
Project("{FAE04EC0-301F-11D3-BF4B-00C04F79EFBC}") = "Banco - Classes Abstractas", "Banco - Classes Abstractas\Banco - Classes Abstractas.csproj", "{776777AE-4DB7-4539-8761-3B5486AFE443}"
EndProject
Global
	GlobalSection(SolutionConfigurationPlatforms) = preSolution
		Debug|Any CPU = Debug|Any CPU
		Release|Any CPU = Release|Any CPU
	EndGlobalSection
	GlobalSection(ProjectConfigurationPlatforms) = postSolution
		{776777AE-4DB7-4539-8761-3B5486AFE443}.Debug|Any CPU.ActiveCfg = Debug|Any CPU
		{776777AE-4DB7-4539-8761-3B5486AFE443}.Debug|Any CPU.Build.0 = Debug|Any CPU
		{776777AE-4DB7-4539-8761-3B5486AFE443}.Release|Any CPU.ActiveCfg = Release|Any CPU
		{776777AE-4DB7-4539-8761-3B5486AFE443}.Release|Any CPU.Build.0 = Release|Any CPU
	EndGlobalSection
	GlobalSection(SolutionProperties) = preSolution
		HideSolutionNode = FALSE
	EndGlobalSection
	GlobalSection(ExtensibilityGlobals) = postSolution
		SolutionGuid = {106448F2-1DEB-46E2-9B41-011D25F54543}
	EndGlobalSection
EndGlobal
